
Microsoft Visual Studio Solution File, Format Version 12.00
# Visual Studio Version 17
VisualStudioVersion = 17.8.34525.116
MinimumVisualStudioVersion = 10.0.40219.1
Project("{FAE04EC0-301F-11D3-BF4B-00C04F79EFBC}") = "Clase15_Entregable", "Clase15_Entregable.csproj", "{C71AED1C-1443-498C-B52B-61D7941DFE60}"
EndProject
Global
	GlobalSection(SolutionConfigurationPlatforms) = preSolution
		Debug|Any CPU = Debug|Any CPU
		Release|Any CPU = Release|Any CPU
	EndGlobalSection
	GlobalSection(ProjectConfigurationPlatforms) = postSolution
		{C71AED1C-1443-498C-B52B-61D7941DFE60}.Debug|Any CPU.ActiveCfg = Debug|Any CPU
		{C71AED1C-1443-498C-B52B-61D7941DFE60}.Debug|Any CPU.Build.0 = Debug|Any CPU
		{C71AED1C-1443-498C-B52B-61D7941DFE60}.Release|Any CPU.ActiveCfg = Release|Any CPU
		{C71AED1C-1443-498C-B52B-61D7941DFE60}.Release|Any CPU.Build.0 = Release|Any CPU
	EndGlobalSection
	GlobalSection(SolutionProperties) = preSolution
		HideSolutionNode = FALSE
	EndGlobalSection
	GlobalSection(ExtensibilityGlobals) = postSolution
		SolutionGuid = {261F83FE-90E4-4CC3-A887-8275CA14C513}
	EndGlobalSection
EndGlobal
